// !$*UTF8*$!
{
	archiveVersion = 1;
	classes = {
	};
	objectVersion = 71;
	objects = {

/* Begin PBXBuildFile section */
		A10000000000000000000010 /* JiraToolsApp.swift in Sources */ = {isa = PBXBuildFile; fileRef = A10000000000000000000011 /* JiraToolsApp.swift */; };
		A10000000000000000000033 /* JiraToolsAppFoundation in Frameworks */ = {isa = PBXBuildFile; productRef = A10000000000000000000030 /* JiraToolsAppFoundation */; };
		A10000000000000000000034 /* JiraToolsStaleTicketsUI in Frameworks */ = {isa = PBXBuildFile; productRef = A10000000000000000000031 /* JiraToolsStaleTicketsUI */; };
		A10000000000000000000035 /* JiraToolsAppUI in Frameworks */ = {isa = PBXBuildFile; productRef = A10000000000000000000032 /* JiraToolsAppUI */; };
		A10000000000000000000040 /* JiraToolsAppCoordinator.swift in Sources */ = {isa = PBXBuildFile; fileRef = A10000000000000000000036 /* JiraToolsAppCoordinator.swift */; };
		A10000000000000000000041 /* JiraToolsRootView.swift in Sources */ = {isa = PBXBuildFile; fileRef = A10000000000000000000037 /* JiraToolsRootView.swift */; };
		A10000000000000000000042 /* JiraCredentialsView.swift in Sources */ = {isa = PBXBuildFile; fileRef = A10000000000000000000039 /* JiraCredentialsView.swift */; };
		A10000000000000000000043 /* JiraToolInstance.swift in Sources */ = {isa = PBXBuildFile; fileRef = A10000000000000000000045 /* JiraToolInstance.swift */; };
		A10000000000000000000044 /* NewToolView.swift in Sources */ = {isa = PBXBuildFile; fileRef = A10000000000000000000046 /* NewToolView.swift */; };
		C0DEC0DE0000000000000001 /* JiraToolsWindowUIState.swift in Sources */ = {isa = PBXBuildFile; fileRef = C0DEC0DE0000000000000002 /* JiraToolsWindowUIState.swift */; };
		D93A36943001434B00ED4B8C /* JiraToolsCore in Frameworks */ = {isa = PBXBuildFile; productRef = D93A36933001434B00ED4B8C /* JiraToolsCore */; };
/* End PBXBuildFile section */

/* Begin PBXFileReference section */
		A10000000000000000000001 /* Jira Tools.app */ = {isa = PBXFileReference; explicitFileType = wrapper.application; includeInIndex = 0; path = "Jira Tools.app"; sourceTree = BUILT_PRODUCTS_DIR; };
		A10000000000000000000011 /* JiraToolsApp.swift */ = {isa = PBXFileReference; lastKnownFileType = sourcecode.swift; path = JiraToolsApp.swift; sourceTree = "<group>"; };
		A10000000000000000000014 /* Info.plist */ = {isa = PBXFileReference; lastKnownFileType = text.plist.xml; path = Info.plist; sourceTree = "<group>"; };
		A10000000000000000000036 /* JiraToolsAppCoordinator.swift */ = {isa = PBXFileReference; lastKnownFileType = sourcecode.swift; path = JiraToolsAppCoordinator.swift; sourceTree = "<group>"; };
		A10000000000000000000037 /* JiraToolsRootView.swift */ = {isa = PBXFileReference; lastKnownFileType = sourcecode.swift; path = JiraToolsRootView.swift; sourceTree = "<group>"; };
		A10000000000000000000039 /* JiraCredentialsView.swift */ = {isa = PBXFileReference; lastKnownFileType = sourcecode.swift; path = JiraCredentialsView.swift; sourceTree = "<group>"; };
		A10000000000000000000045 /* JiraToolInstance.swift */ = {isa = PBXFileReference; lastKnownFileType = sourcecode.swift; path = JiraToolInstance.swift; sourceTree = "<group>"; };
		A10000000000000000000046 /* NewToolView.swift */ = {isa = PBXFileReference; lastKnownFileType = sourcecode.swift; path = NewToolView.swift; sourceTree = "<group>"; };
		C0DEC0DE0000000000000002 /* JiraToolsWindowUIState.swift */ = {isa = PBXFileReference; lastKnownFileType = sourcecode.swift; path = JiraToolsWindowUIState.swift; sourceTree = "<group>"; };
/* End PBXFileReference section */

/* Begin PBXFrameworksBuildPhase section */
		A10000000000000000000002 /* Frameworks */ = {
			isa = PBXFrameworksBuildPhase;
			buildActionMask = 2147483647;
			files = (
				D93A36943001434B00ED4B8C /* JiraToolsCore in Frameworks */,
				A10000000000000000000033 /* JiraToolsAppFoundation in Frameworks */,
				A10000000000000000000034 /* JiraToolsStaleTicketsUI in Frameworks */,
				A10000000000000000000035 /* JiraToolsAppUI in Frameworks */,
			);
			runOnlyForDeploymentPostprocessing = 0;
		};
/* End PBXFrameworksBuildPhase section */

/* Begin PBXGroup section */
		A10000000000000000000003 = {
			isa = PBXGroup;
			children = (
				A10000000000000000000007 /* Root */,
				A10000000000000000000038 /* Credentials */,
				A10000000000000000000008 /* Resources */,
				A10000000000000000000005 /* Products */,
			);
			sourceTree = "<group>";
		};
		A10000000000000000000005 /* Products */ = {
			isa = PBXGroup;
			children = (
				A10000000000000000000001 /* Jira Tools.app */,
			);
			name = Products;
			sourceTree = "<group>";
		};
		A10000000000000000000007 /* Root */ = {
			isa = PBXGroup;
			children = (
				A10000000000000000000011 /* JiraToolsApp.swift */,
				A10000000000000000000036 /* JiraToolsAppCoordinator.swift */,
				A10000000000000000000037 /* JiraToolsRootView.swift */,
				A10000000000000000000045 /* JiraToolInstance.swift */,
				A10000000000000000000046 /* NewToolView.swift */,
				C0DEC0DE0000000000000002 /* JiraToolsWindowUIState.swift */,
			);
			path = Root;
			sourceTree = "<group>";
		};
		A10000000000000000000008 /* Resources */ = {
			isa = PBXGroup;
			children = (
				A10000000000000000000014 /* Info.plist */,
			);
			path = Resources;
			sourceTree = "<group>";
		};
		A10000000000000000000038 /* Credentials */ = {
			isa = PBXGroup;
			children = (
				A10000000000000000000039 /* JiraCredentialsView.swift */,
			);
			path = Credentials;
			sourceTree = "<group>";
		};
/* End PBXGroup section */

/* Begin PBXNativeTarget section */
		A1000000000000000000000F /* JiraToolsApp */ = {
			isa = PBXNativeTarget;
			buildConfigurationList = A10000000000000000000020 /* Build configuration list for PBXNativeTarget "JiraToolsApp" */;
			buildPhases = (
				A10000000000000000000009 /* Sources */,
				A10000000000000000000002 /* Frameworks */,
				A1000000000000000000000A /* Resources */,
			);
			buildRules = (
			);
			dependencies = (
			);
			name = JiraToolsApp;
			packageProductDependencies = (
				D93A36933001434B00ED4B8C /* JiraToolsCore */,
				A10000000000000000000030 /* JiraToolsAppFoundation */,
				A10000000000000000000031 /* JiraToolsStaleTicketsUI */,
				A10000000000000000000032 /* JiraToolsAppUI */,
			);
			productName = "Jira Tools";
			productReference = A10000000000000000000001 /* Jira Tools.app */;
			productType = "com.apple.product-type.application";
		};
/* End PBXNativeTarget section */

/* Begin PBXProject section */
		A10000000000000000000000 /* Project object */ = {
			isa = PBXProject;
			attributes = {
				BuildIndependentTargetsInParallel = YES;
				LastSwiftUpdateCheck = 2600;
				LastUpgradeCheck = 2650;
				TargetAttributes = {
					A1000000000000000000000F = {
						CreatedOnToolsVersion = 26.0;
					};
				};
			};
			buildConfigurationList = A10000000000000000000021 /* Build configuration list for PBXProject "JiraTools" */;
			compatibilityVersion = "Xcode 16.0";
			developmentRegion = en;
			hasScannedForEncodings = 0;
			knownRegions = (
				en,
				Base,
			);
			mainGroup = A10000000000000000000003;
			minimizedProjectReferenceProxies = 1;
			packageReferences = (
				D93A36923001434B00ED4B8C /* XCLocalSwiftPackageReference "../.." */,
			);
			productRefGroup = A10000000000000000000005 /* Products */;
			projectDirPath = "";
			projectRoot = "";
			targets = (
				A1000000000000000000000F /* JiraToolsApp */,
			);
		};
/* End PBXProject section */

/* Begin PBXResourcesBuildPhase section */
		A1000000000000000000000A /* Resources */ = {
			isa = PBXResourcesBuildPhase;
			buildActionMask = 2147483647;
			files = (
			);
			runOnlyForDeploymentPostprocessing = 0;
		};
/* End PBXResourcesBuildPhase section */

/* Begin PBXSourcesBuildPhase section */
		A10000000000000000000009 /* Sources */ = {
			isa = PBXSourcesBuildPhase;
			buildActionMask = 2147483647;
			files = (
				A10000000000000000000010 /* JiraToolsApp.swift in Sources */,
				A10000000000000000000040 /* JiraToolsAppCoordinator.swift in Sources */,
				A10000000000000000000041 /* JiraToolsRootView.swift in Sources */,
				A10000000000000000000042 /* JiraCredentialsView.swift in Sources */,
				A10000000000000000000043 /* JiraToolInstance.swift in Sources */,
				A10000000000000000000044 /* NewToolView.swift in Sources */,
				C0DEC0DE0000000000000001 /* JiraToolsWindowUIState.swift in Sources */,
			);
			runOnlyForDeploymentPostprocessing = 0;
		};
/* End PBXSourcesBuildPhase section */

/* Begin XCBuildConfiguration section */
		A10000000000000000000022 /* Debug */ = {
			isa = XCBuildConfiguration;
			buildSettings = {
				ALWAYS_SEARCH_USER_PATHS = NO;
				ASSETCATALOG_COMPILER_GENERATE_SWIFT_ASSET_SYMBOL_EXTENSIONS = YES;
				CLANG_ENABLE_MODULES = YES;
				CLANG_ENABLE_OBJC_ARC = YES;
				CLANG_WARN_BLOCK_CAPTURE_AUTORELEASING = YES;
				CLANG_WARN_BOOL_CONVERSION = YES;
				CLANG_WARN_COMMA = YES;
				CLANG_WARN_CONSTANT_CONVERSION = YES;
				CLANG_WARN_DEPRECATED_OBJC_IMPLEMENTATIONS = YES;
				CLANG_WARN_EMPTY_BODY = YES;
				CLANG_WARN_ENUM_CONVERSION = YES;
				CLANG_WARN_INFINITE_RECURSION = YES;
				CLANG_WARN_INT_CONVERSION = YES;
				CLANG_WARN_NON_LITERAL_NULL_CONVERSION = YES;
				CLANG_WARN_OBJC_IMPLICIT_RETAIN_SELF = YES;
				CLANG_WARN_OBJC_LITERAL_CONVERSION = YES;
				CLANG_WARN_QUOTED_INCLUDE_IN_FRAMEWORK_HEADER = YES;
				CLANG_WARN_RANGE_LOOP_ANALYSIS = YES;
				CLANG_WARN_STRICT_PROTOTYPES = YES;
				CLANG_WARN_SUSPICIOUS_MOVE = YES;
				CLANG_WARN_UNREACHABLE_CODE = YES;
				CLANG_WARN__DUPLICATE_METHOD_MATCH = YES;
				DEAD_CODE_STRIPPING = YES;
				DEBUG_INFORMATION_FORMAT = dwarf;
				DEVELOPMENT_TEAM = T2ABQ5MBH8;
				ENABLE_STRICT_OBJC_MSGSEND = YES;
				ENABLE_TESTABILITY = YES;
				ENABLE_USER_SCRIPT_SANDBOXING = YES;
				GCC_NO_COMMON_BLOCKS = YES;
				GCC_WARN_64_TO_32_BIT_CONVERSION = YES;
				GCC_WARN_ABOUT_RETURN_TYPE = YES;
				GCC_WARN_UNDECLARED_SELECTOR = YES;
				GCC_WARN_UNINITIALIZED_AUTOS = YES;
				GCC_WARN_UNUSED_FUNCTION = YES;
				GCC_WARN_UNUSED_VARIABLE = YES;
				MACOSX_DEPLOYMENT_TARGET = 13.0;
				ONLY_ACTIVE_ARCH = YES;
				SDKROOT = macosx;
				STRING_CATALOG_GENERATE_SYMBOLS = YES;
				SWIFT_VERSION = 6.0;
			};
			name = Debug;
		};
		A10000000000000000000023 /* Release */ = {
			isa = XCBuildConfiguration;
			buildSettings = {
				ALWAYS_SEARCH_USER_PATHS = NO;
				ASSETCATALOG_COMPILER_GENERATE_SWIFT_ASSET_SYMBOL_EXTENSIONS = YES;
				CLANG_ENABLE_MODULES = YES;
				CLANG_ENABLE_OBJC_ARC = YES;
				CLANG_WARN_BLOCK_CAPTURE_AUTORELEASING = YES;
				CLANG_WARN_BOOL_CONVERSION = YES;
				CLANG_WARN_COMMA = YES;
				CLANG_WARN_CONSTANT_CONVERSION = YES;
				CLANG_WARN_DEPRECATED_OBJC_IMPLEMENTATIONS = YES;
				CLANG_WARN_EMPTY_BODY = YES;
				CLANG_WARN_ENUM_CONVERSION = YES;
				CLANG_WARN_INFINITE_RECURSION = YES;
				CLANG_WARN_INT_CONVERSION = YES;
				CLANG_WARN_NON_LITERAL_NULL_CONVERSION = YES;
				CLANG_WARN_OBJC_IMPLICIT_RETAIN_SELF = YES;
				CLANG_WARN_OBJC_LITERAL_CONVERSION = YES;
				CLANG_WARN_QUOTED_INCLUDE_IN_FRAMEWORK_HEADER = YES;
				CLANG_WARN_RANGE_LOOP_ANALYSIS = YES;
				CLANG_WARN_STRICT_PROTOTYPES = YES;
				CLANG_WARN_SUSPICIOUS_MOVE = YES;
				CLANG_WARN_UNREACHABLE_CODE = YES;
				CLANG_WARN__DUPLICATE_METHOD_MATCH = YES;
				DEAD_CODE_STRIPPING = YES;
				DEBUG_INFORMATION_FORMAT = "dwarf-with-dsym";
				DEVELOPMENT_TEAM = T2ABQ5MBH8;
				ENABLE_STRICT_OBJC_MSGSEND = YES;
				ENABLE_USER_SCRIPT_SANDBOXING = YES;
				GCC_NO_COMMON_BLOCKS = YES;
				GCC_WARN_64_TO_32_BIT_CONVERSION = YES;
				GCC_WARN_ABOUT_RETURN_TYPE = YES;
				GCC_WARN_UNDECLARED_SELECTOR = YES;
				GCC_WARN_UNINITIALIZED_AUTOS = YES;
				GCC_WARN_UNUSED_FUNCTION = YES;
				GCC_WARN_UNUSED_VARIABLE = YES;
				MACOSX_DEPLOYMENT_TARGET = 13.0;
				SDKROOT = macosx;
				STRING_CATALOG_GENERATE_SYMBOLS = YES;
				SWIFT_COMPILATION_MODE = wholemodule;
				SWIFT_OPTIMIZATION_LEVEL = "-O";
				SWIFT_VERSION = 6.0;
			};
			name = Release;
		};
		A10000000000000000000024 /* Debug */ = {
			isa = XCBuildConfiguration;
			buildSettings = {
				AUTOMATION_APPLE_EVENTS = NO;
				"CODE_SIGN_IDENTITY[sdk=macosx*]" = "Apple Development";
				CODE_SIGN_STYLE = Automatic;
				CURRENT_PROJECT_VERSION = 1;
				DEAD_CODE_STRIPPING = YES;
				ENABLE_APP_SANDBOX = NO;
				ENABLE_HARDENED_RUNTIME = YES;
				ENABLE_INCOMING_NETWORK_CONNECTIONS = NO;
				ENABLE_OUTGOING_NETWORK_CONNECTIONS = YES;
				ENABLE_RESOURCE_ACCESS_AUDIO_INPUT = NO;
				ENABLE_RESOURCE_ACCESS_BLUETOOTH = NO;
				ENABLE_RESOURCE_ACCESS_CALENDARS = NO;
				ENABLE_RESOURCE_ACCESS_CAMERA = NO;
				ENABLE_RESOURCE_ACCESS_CONTACTS = NO;
				ENABLE_RESOURCE_ACCESS_LOCATION = NO;
				ENABLE_RESOURCE_ACCESS_PHOTO_LIBRARY = NO;
				ENABLE_RESOURCE_ACCESS_PRINTING = NO;
				ENABLE_RESOURCE_ACCESS_USB = NO;
				GENERATE_INFOPLIST_FILE = NO;
				INFOPLIST_FILE = Resources/Info.plist;
				LD_RUNPATH_SEARCH_PATHS = "@executable_path/../Frameworks";
				MARKETING_VERSION = 0.1.0;
				ONLY_ACTIVE_ARCH = YES;
				PRODUCT_BUNDLE_IDENTIFIER = com.josephduffy.JiraTools;
				PRODUCT_NAME = "Jira Tools";
				RUNTIME_EXCEPTION_ALLOW_DYLD_ENVIRONMENT_VARIABLES = NO;
				RUNTIME_EXCEPTION_ALLOW_JIT = NO;
				RUNTIME_EXCEPTION_ALLOW_UNSIGNED_EXECUTABLE_MEMORY = NO;
				RUNTIME_EXCEPTION_DEBUGGING_TOOL = NO;
				RUNTIME_EXCEPTION_DISABLE_EXECUTABLE_PAGE_PROTECTION = NO;
				RUNTIME_EXCEPTION_DISABLE_LIBRARY_VALIDATION = NO;
				SWIFT_EMIT_LOC_STRINGS = YES;
			};
			name = Debug;
		};
		A10000000000000000000025 /* Release */ = {
			isa = XCBuildConfiguration;
			buildSettings = {
				AUTOMATION_APPLE_EVENTS = NO;
				"CODE_SIGN_IDENTITY[sdk=macosx*]" = "Apple Development";
				CODE_SIGN_STYLE = Automatic;
				CURRENT_PROJECT_VERSION = 1;
				DEAD_CODE_STRIPPING = YES;
				ENABLE_APP_SANDBOX = NO;
				ENABLE_HARDENED_RUNTIME = YES;
				ENABLE_INCOMING_NETWORK_CONNECTIONS = NO;
				ENABLE_OUTGOING_NETWORK_CONNECTIONS = YES;
				ENABLE_RESOURCE_ACCESS_AUDIO_INPUT = NO;
				ENABLE_RESOURCE_ACCESS_BLUETOOTH = NO;
				ENABLE_RESOURCE_ACCESS_CALENDARS = NO;
				ENABLE_RESOURCE_ACCESS_CAMERA = NO;
				ENABLE_RESOURCE_ACCESS_CONTACTS = NO;
				ENABLE_RESOURCE_ACCESS_LOCATION = NO;
				ENABLE_RESOURCE_ACCESS_PHOTO_LIBRARY = NO;
				ENABLE_RESOURCE_ACCESS_PRINTING = NO;
				ENABLE_RESOURCE_ACCESS_USB = NO;
				GENERATE_INFOPLIST_FILE = NO;
				INFOPLIST_FILE = Resources/Info.plist;
				LD_RUNPATH_SEARCH_PATHS = "@executable_path/../Frameworks";
				MARKETING_VERSION = 0.1.0;
				ONLY_ACTIVE_ARCH = YES;
				PRODUCT_BUNDLE_IDENTIFIER = com.josephduffy.JiraTools;
				PRODUCT_NAME = "Jira Tools";
				RUNTIME_EXCEPTION_ALLOW_DYLD_ENVIRONMENT_VARIABLES = NO;
				RUNTIME_EXCEPTION_ALLOW_JIT = NO;
				RUNTIME_EXCEPTION_ALLOW_UNSIGNED_EXECUTABLE_MEMORY = NO;
				RUNTIME_EXCEPTION_DEBUGGING_TOOL = NO;
				RUNTIME_EXCEPTION_DISABLE_EXECUTABLE_PAGE_PROTECTION = NO;
				RUNTIME_EXCEPTION_DISABLE_LIBRARY_VALIDATION = NO;
				SWIFT_COMPILATION_MODE = wholemodule;
				SWIFT_EMIT_LOC_STRINGS = YES;
			};
			name = Release;
		};
/* End XCBuildConfiguration section */

/* Begin XCConfigurationList section */
		A10000000000000000000020 /* Build configuration list for PBXNativeTarget "JiraToolsApp" */ = {
			isa = XCConfigurationList;
			buildConfigurations = (
				A10000000000000000000024 /* Debug */,
				A10000000000000000000025 /* Release */,
			);
			defaultConfigurationIsVisible = 0;
			defaultConfigurationName = Release;
		};
		A10000000000000000000021 /* Build configuration list for PBXProject "JiraTools" */ = {
			isa = XCConfigurationList;
			buildConfigurations = (
				A10000000000000000000022 /* Debug */,
				A10000000000000000000023 /* Release */,
			);
			defaultConfigurationIsVisible = 0;
			defaultConfigurationName = Release;
		};
/* End XCConfigurationList section */

/* Begin XCLocalSwiftPackageReference section */
		D93A36923001434B00ED4B8C /* XCLocalSwiftPackageReference "../.." */ = {
			isa = XCLocalSwiftPackageReference;
			relativePath = ../..;
		};
/* End XCLocalSwiftPackageReference section */

/* Begin XCSwiftPackageProductDependency section */
		A10000000000000000000030 /* JiraToolsAppFoundation */ = {
			isa = XCSwiftPackageProductDependency;
			productName = JiraToolsAppFoundation;
		};
		A10000000000000000000031 /* JiraToolsStaleTicketsUI */ = {
			isa = XCSwiftPackageProductDependency;
			productName = JiraToolsStaleTicketsUI;
		};
		A10000000000000000000032 /* JiraToolsAppUI */ = {
			isa = XCSwiftPackageProductDependency;
			productName = JiraToolsAppUI;
		};
		D93A36933001434B00ED4B8C /* JiraToolsCore */ = {
			isa = XCSwiftPackageProductDependency;
			productName = JiraToolsCore;
		};
/* End XCSwiftPackageProductDependency section */
	};
	rootObject = A10000000000000000000000 /* Project object */;
}
