{
  "originHash" : "091d6b59fe33baf55503c8bfee38fcb3154ca5fc2839c859316989568eaf9305",
  "pins" : [
    {
      "identity" : "swift-syntax",
      "kind" : "remoteSourceControl",
      "location" : "https://github.com/swiftlang/swift-syntax",
      "state" : {
        "revision" : "4799286537280063c85a32f09884cfbca301b1a1",
        "version" : "602.0.0"
      }
    },
    {
      "identity" : "usecasemacro",
      "kind" : "remoteSourceControl",
      "location" : "https://github.com/JosephDuffy/UseCaseMacro.git",
      "state" : {
        "branch" : "main",
        "revision" : "2ea6d82575671c5cc2884a7947349e816ebd6cc7"
      }
    }
  ],
  "version" : 3
}
